github.com/gorilla/handlers v1.4.2 h1:0QniY0USkHQ1RGCLfKxeNHK9bkDHGRYGNDFBCS+YARg=
github.com/gorilla/handlers v1.4.2/go.mod h1:Qkdc/uu4tH4g6mTK6auzZ766c4CA0Ng8+o/OAirnOIQ=
github.com/gorilla/mux v1.7.3 h1:gnP5JzjVOuiZD07fKKToCAOjS0yOpj/qPETTXCCS6hw=
github.com/gorilla/mux v1.7.3/go.mod h1:1lud6UwP+6orDFRuTfBEV8e9/aOM/c4fVVCaMa2zaAs=
github.com/verzth/go-utils v0.0.0-20200309094323-2bdeb06102e3 h1:77yI9b2G1/95WInYP6fUl6fFIlVtSEpjexJquXRKLTU=
github.com/verzth/go-utils v0.0.0-20200309094323-2bdeb06102e3/go.mod h1:VRAnwae+xXZT8FwlbZFKmgUB5U/DzHAfuREIxitR/FA=
github.com/verzth/go-utils v0.0.1 h1:2ntXZMxhjUyegqEglNPUctbpc5NoRfF+AgNs2Q4ULN0=
github.com/verzth/go-utils v0.0.1/go.mod h1:VRAnwae+xXZT8FwlbZFKmgUB5U/DzHAfuREIxitR/FA=
